{
  "name": "submission",
  "version": "1.0.0",
  "lockfileVersion": 1,
  "requires": true,
  "dependencies": {
    "abstractsocket": {
      "version": "0.0.3",
      "resolved": "https://registry.npmjs.org/abstractsocket/-/abstractsocket-0.0.3.tgz",
      "integrity": "sha1-z46R+yYVQ57UMB/FG0wXbZ1B2tY=",
      "dev": true,
      "requires": {
        "exec_stream": "*"
      }
    },
    "exec_stream": {
      "version": "0.0.3",
      "resolved": "https://registry.npmjs.org/exec_stream/-/exec_stream-0.0.3.tgz",
      "integrity": "sha1-lDGAFG8HRTmirsS2KFQxzUQ8o3A=",
      "dev": true
    }
  }
}
